
Microsoft Visual Studio Solution File, Format Version 12.00
# Visual Studio 15
VisualStudioVersion = 15.0.27004.2009
MinimumVisualStudioVersion = 10.0.40219.1
Project("{FAE04EC0-301F-11D3-BF4B-00C04F79EFBC}") = "ConferenceManagement", "ConferenceManagement\ConferenceManagement.csproj", "{D2392283-18E2-4AC0-9099-99C2C1575376}"
EndProject
Project("{FAE04EC0-301F-11D3-BF4B-00C04F79EFBC}") = "Domain", "Domain\Domain.csproj", "{88B923EF-5324-4CDB-BED2-6BEBFD6EBD83}"
EndProject
Project("{FAE04EC0-301F-11D3-BF4B-00C04F79EFBC}") = "Repositories", "Repositories\Repositories.csproj", "{64A34021-20E2-4A87-B94F-109CE2B21FD0}"
EndProject
Global
	GlobalSection(SolutionConfigurationPlatforms) = preSolution
		Debug|Any CPU = Debug|Any CPU
		Release|Any CPU = Release|Any CPU
	EndGlobalSection
	GlobalSection(ProjectConfigurationPlatforms) = postSolution
		{D2392283-18E2-4AC0-9099-99C2C1575376}.Debug|Any CPU.ActiveCfg = Debug|Any CPU
		{D2392283-18E2-4AC0-9099-99C2C1575376}.Debug|Any CPU.Build.0 = Debug|Any CPU
		{D2392283-18E2-4AC0-9099-99C2C1575376}.Release|Any CPU.ActiveCfg = Release|Any CPU
		{D2392283-18E2-4AC0-9099-99C2C1575376}.Release|Any CPU.Build.0 = Release|Any CPU
		{88B923EF-5324-4CDB-BED2-6BEBFD6EBD83}.Debug|Any CPU.ActiveCfg = Debug|Any CPU
		{88B923EF-5324-4CDB-BED2-6BEBFD6EBD83}.Debug|Any CPU.Build.0 = Debug|Any CPU
		{88B923EF-5324-4CDB-BED2-6BEBFD6EBD83}.Release|Any CPU.ActiveCfg = Release|Any CPU
		{88B923EF-5324-4CDB-BED2-6BEBFD6EBD83}.Release|Any CPU.Build.0 = Release|Any CPU
		{64A34021-20E2-4A87-B94F-109CE2B21FD0}.Debug|Any CPU.ActiveCfg = Debug|Any CPU
		{64A34021-20E2-4A87-B94F-109CE2B21FD0}.Debug|Any CPU.Build.0 = Debug|Any CPU
		{64A34021-20E2-4A87-B94F-109CE2B21FD0}.Release|Any CPU.ActiveCfg = Release|Any CPU
		{64A34021-20E2-4A87-B94F-109CE2B21FD0}.Release|Any CPU.Build.0 = Release|Any CPU
	EndGlobalSection
	GlobalSection(SolutionProperties) = preSolution
		HideSolutionNode = FALSE
	EndGlobalSection
	GlobalSection(ExtensibilityGlobals) = postSolution
		SolutionGuid = {7707A7A7-1B8C-4FBB-AB91-39E036E4FA87}
	EndGlobalSection
EndGlobal
